// !$*UTF8*$!
{
	archiveVersion = 1;
	classes = {
	};
	objectVersion = 50;
	objects = {

/* Begin PBXBuildFile section */
		B89F3A788FBBFE011D9A32E4 /* Pods_NewsML.framework in Frameworks */ = {isa = PBXBuildFile; fileRef = D6546809A112B0E0BC71EA60 /* Pods_NewsML.framework */; };
		BF28D963210CC1FA00F15F62 /* AppDelegate.swift in Sources */ = {isa = PBXBuildFile; fileRef = BF28D962210CC1FA00F15F62 /* AppDelegate.swift */; };
		BF28D968210CC1FA00F15F62 /* Main.storyboard in Resources */ = {isa = PBXBuildFile; fileRef = BF28D966210CC1FA00F15F62 /* Main.storyboard */; };
		BF28D96A210CC1FB00F15F62 /* Assets.xcassets in Resources */ = {isa = PBXBuildFile; fileRef = BF28D969210CC1FB00F15F62 /* Assets.xcassets */; };
		BF28D96D210CC1FB00F15F62 /* LaunchScreen.storyboard in Resources */ = {isa = PBXBuildFile; fileRef = BF28D96B210CC1FB00F15F62 /* LaunchScreen.storyboard */; };
		BFF219F4210CC90000626E32 /* NewsHelper.swift in Sources */ = {isa = PBXBuildFile; fileRef = BFF219F3210CC90000626E32 /* NewsHelper.swift */; };
		BFF219F6210CCABE00626E32 /* ArticleTableViewController.swift in Sources */ = {isa = PBXBuildFile; fileRef = BFF219F5210CCABE00626E32 /* ArticleTableViewController.swift */; };
		BFF219F8210CCAF000626E32 /* ArticleWebViewController.swift in Sources */ = {isa = PBXBuildFile; fileRef = BFF219F7210CCAF000626E32 /* ArticleWebViewController.swift */; };
/* End PBXBuildFile section */

/* Begin PBXFileReference section */
		8EA87628B5C7C67815CC1AAA /* Pods-NewsML.debug.xcconfig */ = {isa = PBXFileReference; includeInIndex = 1; lastKnownFileType = text.xcconfig; name = "Pods-NewsML.debug.xcconfig"; path = "Pods/Target Support Files/Pods-NewsML/Pods-NewsML.debug.xcconfig"; sourceTree = "<group>"; };
		96760180C60F0EEDA572C2A1 /* Pods-NewsML.release.xcconfig */ = {isa = PBXFileReference; includeInIndex = 1; lastKnownFileType = text.xcconfig; name = "Pods-NewsML.release.xcconfig"; path = "Pods/Target Support Files/Pods-NewsML/Pods-NewsML.release.xcconfig"; sourceTree = "<group>"; };
		BF28D95F210CC1FA00F15F62 /* NewsML.app */ = {isa = PBXFileReference; explicitFileType = wrapper.application; includeInIndex = 0; path = NewsML.app; sourceTree = BUILT_PRODUCTS_DIR; };
		BF28D962210CC1FA00F15F62 /* AppDelegate.swift */ = {isa = PBXFileReference; lastKnownFileType = sourcecode.swift; path = AppDelegate.swift; sourceTree = "<group>"; };
		BF28D967210CC1FA00F15F62 /* Base */ = {isa = PBXFileReference; lastKnownFileType = file.storyboard; name = Base; path = Base.lproj/Main.storyboard; sourceTree = "<group>"; };
		BF28D969210CC1FB00F15F62 /* Assets.xcassets */ = {isa = PBXFileReference; lastKnownFileType = folder.assetcatalog; path = Assets.xcassets; sourceTree = "<group>"; };
		BF28D96C210CC1FB00F15F62 /* Base */ = {isa = PBXFileReference; lastKnownFileType = file.storyboard; name = Base; path = Base.lproj/LaunchScreen.storyboard; sourceTree = "<group>"; };
		BF28D96E210CC1FB00F15F62 /* Info.plist */ = {isa = PBXFileReference; lastKnownFileType = text.plist.xml; path = Info.plist; sourceTree = "<group>"; };
		BFF219F3210CC90000626E32 /* NewsHelper.swift */ = {isa = PBXFileReference; lastKnownFileType = sourcecode.swift; path = NewsHelper.swift; sourceTree = "<group>"; };
		BFF219F5210CCABE00626E32 /* ArticleTableViewController.swift */ = {isa = PBXFileReference; lastKnownFileType = sourcecode.swift; path = ArticleTableViewController.swift; sourceTree = "<group>"; };
		BFF219F7210CCAF000626E32 /* ArticleWebViewController.swift */ = {isa = PBXFileReference; lastKnownFileType = sourcecode.swift; path = ArticleWebViewController.swift; sourceTree = "<group>"; };
		D6546809A112B0E0BC71EA60 /* Pods_NewsML.framework */ = {isa = PBXFileReference; explicitFileType = wrapper.framework; includeInIndex = 0; path = Pods_NewsML.framework; sourceTree = BUILT_PRODUCTS_DIR; };
/* End PBXFileReference section */

/* Begin PBXFrameworksBuildPhase section */
		BF28D95C210CC1FA00F15F62 /* Frameworks */ = {
			isa = PBXFrameworksBuildPhase;
			buildActionMask = 2147483647;
			files = (
				B89F3A788FBBFE011D9A32E4 /* Pods_NewsML.framework in Frameworks */,
			);
			runOnlyForDeploymentPostprocessing = 0;
		};
/* End PBXFrameworksBuildPhase section */

/* Begin PBXGroup section */
		52E75E4B97F102B501C6D194 /* Pods */ = {
			isa = PBXGroup;
			children = (
				8EA87628B5C7C67815CC1AAA /* Pods-NewsML.debug.xcconfig */,
				96760180C60F0EEDA572C2A1 /* Pods-NewsML.release.xcconfig */,
			);
			name = Pods;
			sourceTree = "<group>";
		};
		88DF614D63FD5FCBF792635E /* Frameworks */ = {
			isa = PBXGroup;
			children = (
				D6546809A112B0E0BC71EA60 /* Pods_NewsML.framework */,
			);
			name = Frameworks;
			sourceTree = "<group>";
		};
		BF28D956210CC1FA00F15F62 = {
			isa = PBXGroup;
			children = (
				BF28D961210CC1FA00F15F62 /* NewsML */,
				BF28D960210CC1FA00F15F62 /* Products */,
				52E75E4B97F102B501C6D194 /* Pods */,
				88DF614D63FD5FCBF792635E /* Frameworks */,
			);
			sourceTree = "<group>";
		};
		BF28D960210CC1FA00F15F62 /* Products */ = {
			isa = PBXGroup;
			children = (
				BF28D95F210CC1FA00F15F62 /* NewsML.app */,
			);
			name = Products;
			sourceTree = "<group>";
		};
		BF28D961210CC1FA00F15F62 /* NewsML */ = {
			isa = PBXGroup;
			children = (
				BF28D962210CC1FA00F15F62 /* AppDelegate.swift */,
				BFF219F5210CCABE00626E32 /* ArticleTableViewController.swift */,
				BFF219F7210CCAF000626E32 /* ArticleWebViewController.swift */,
				BFF219F3210CC90000626E32 /* NewsHelper.swift */,
				BF28D966210CC1FA00F15F62 /* Main.storyboard */,
				BF28D96B210CC1FB00F15F62 /* LaunchScreen.storyboard */,
				BF28D969210CC1FB00F15F62 /* Assets.xcassets */,
				BF28D96E210CC1FB00F15F62 /* Info.plist */,
			);
			path = NewsML;
			sourceTree = "<group>";
		};
/* End PBXGroup section */

/* Begin PBXNativeTarget section */
		BF28D95E210CC1FA00F15F62 /* NewsML */ = {
			isa = PBXNativeTarget;
			buildConfigurationList = BF28D971210CC1FB00F15F62 /* Build configuration list for PBXNativeTarget "NewsML" */;
			buildPhases = (
				85CD122355C9B58B9A9990F7 /* [CP] Check Pods Manifest.lock */,
				BF28D95B210CC1FA00F15F62 /* Sources */,
				BF28D95C210CC1FA00F15F62 /* Frameworks */,
				BF28D95D210CC1FA00F15F62 /* Resources */,
				981BF520F988CC11F8FCAE56 /* [CP] Embed Pods Frameworks */,
			);
			buildRules = (
			);
			dependencies = (
			);
			name = NewsML;
			productName = NewsML;
			productReference = BF28D95F210CC1FA00F15F62 /* NewsML.app */;
			productType = "com.apple.product-type.application";
		};
/* End PBXNativeTarget section */

/* Begin PBXProject section */
		BF28D957210CC1FA00F15F62 /* Project object */ = {
			isa = PBXProject;
			attributes = {
				LastSwiftUpdateCheck = 0940;
				LastUpgradeCheck = 0940;
				ORGANIZATIONNAME = "Ross Lubinski";
				TargetAttributes = {
					BF28D95E210CC1FA00F15F62 = {
						CreatedOnToolsVersion = 9.4.1;
					};
				};
			};
			buildConfigurationList = BF28D95A210CC1FA00F15F62 /* Build configuration list for PBXProject "NewsML" */;
			compatibilityVersion = "Xcode 9.3";
			developmentRegion = en;
			hasScannedForEncodings = 0;
			knownRegions = (
				en,
				Base,
			);
			mainGroup = BF28D956210CC1FA00F15F62;
			productRefGroup = BF28D960210CC1FA00F15F62 /* Products */;
			projectDirPath = "";
			projectRoot = "";
			targets = (
				BF28D95E210CC1FA00F15F62 /* NewsML */,
			);
		};
/* End PBXProject section */

/* Begin PBXResourcesBuildPhase section */
		BF28D95D210CC1FA00F15F62 /* Resources */ = {
			isa = PBXResourcesBuildPhase;
			buildActionMask = 2147483647;
			files = (
				BF28D96D210CC1FB00F15F62 /* LaunchScreen.storyboard in Resources */,
				BF28D96A210CC1FB00F15F62 /* Assets.xcassets in Resources */,
				BF28D968210CC1FA00F15F62 /* Main.storyboard in Resources */,
			);
			runOnlyForDeploymentPostprocessing = 0;
		};
/* End PBXResourcesBuildPhase section */

/* Begin PBXShellScriptBuildPhase section */
		85CD122355C9B58B9A9990F7 /* [CP] Check Pods Manifest.lock */ = {
			isa = PBXShellScriptBuildPhase;
			buildActionMask = 2147483647;
			files = (
			);
			inputPaths = (
				"${PODS_PODFILE_DIR_PATH}/Podfile.lock",
				"${PODS_ROOT}/Manifest.lock",
			);
			name = "[CP] Check Pods Manifest.lock";
			outputPaths = (
				"$(DERIVED_FILE_DIR)/Pods-NewsML-checkManifestLockResult.txt",
			);
			runOnlyForDeploymentPostprocessing = 0;
			shellPath = /bin/sh;
			shellScript = "diff \"${PODS_PODFILE_DIR_PATH}/Podfile.lock\" \"${PODS_ROOT}/Manifest.lock\" > /dev/null\nif [ $? != 0 ] ; then\n    # print error to STDERR\n    echo \"error: The sandbox is not in sync with the Podfile.lock. Run 'pod install' or update your CocoaPods installation.\" >&2\n    exit 1\nfi\n# This output is used by Xcode 'outputs' to avoid re-running this script phase.\necho \"SUCCESS\" > \"${SCRIPT_OUTPUT_FILE_0}\"\n";
			showEnvVarsInLog = 0;
		};
		981BF520F988CC11F8FCAE56 /* [CP] Embed Pods Frameworks */ = {
			isa = PBXShellScriptBuildPhase;
			buildActionMask = 2147483647;
			files = (
			);
			inputPaths = (
				"${SRCROOT}/Pods/Target Support Files/Pods-NewsML/Pods-NewsML-frameworks.sh",
				"${BUILT_PRODUCTS_DIR}/Alamofire/Alamofire.framework",
				"${BUILT_PRODUCTS_DIR}/DocumentClassifier/DocumentClassifier.framework",
				"${BUILT_PRODUCTS_DIR}/Kingfisher/Kingfisher.framework",
			);
			name = "[CP] Embed Pods Frameworks";
			outputPaths = (
				"${TARGET_BUILD_DIR}/${FRAMEWORKS_FOLDER_PATH}/Alamofire.framework",
				"${TARGET_BUILD_DIR}/${FRAMEWORKS_FOLDER_PATH}/DocumentClassifier.framework",
				"${TARGET_BUILD_DIR}/${FRAMEWORKS_FOLDER_PATH}/Kingfisher.framework",
			);
			runOnlyForDeploymentPostprocessing = 0;
			shellPath = /bin/sh;
			shellScript = "\"${SRCROOT}/Pods/Target Support Files/Pods-NewsML/Pods-NewsML-frameworks.sh\"\n";
			showEnvVarsInLog = 0;
		};
/* End PBXShellScriptBuildPhase section */

/* Begin PBXSourcesBuildPhase section */
		BF28D95B210CC1FA00F15F62 /* Sources */ = {
			isa = PBXSourcesBuildPhase;
			buildActionMask = 2147483647;
			files = (
				BF28D963210CC1FA00F15F62 /* AppDelegate.swift in Sources */,
				BFF219F6210CCABE00626E32 /* ArticleTableViewController.swift in Sources */,
				BFF219F8210CCAF000626E32 /* ArticleWebViewController.swift in Sources */,
				BFF219F4210CC90000626E32 /* NewsHelper.swift in Sources */,
			);
			runOnlyForDeploymentPostprocessing = 0;
		};
/* End PBXSourcesBuildPhase section */

/* Begin PBXVariantGroup section */
		BF28D966210CC1FA00F15F62 /* Main.storyboard */ = {
			isa = PBXVariantGroup;
			children = (
				BF28D967210CC1FA00F15F62 /* Base */,
			);
			name = Main.storyboard;
			sourceTree = "<group>";
		};
		BF28D96B210CC1FB00F15F62 /* LaunchScreen.storyboard */ = {
			isa = PBXVariantGroup;
			children = (
				BF28D96C210CC1FB00F15F62 /* Base */,
			);
			name = LaunchScreen.storyboard;
			sourceTree = "<group>";
		};
/* End PBXVariantGroup section */

/* Begin XCBuildConfiguration section */
		BF28D96F210CC1FB00F15F62 /* Debug */ = {
			isa = XCBuildConfiguration;
			buildSettings = {
				ALWAYS_SEARCH_USER_PATHS = NO;
				CLANG_ANALYZER_NONNULL = YES;
				CLANG_ANALYZER_NUMBER_OBJECT_CONVERSION = YES_AGGRESSIVE;
				CLANG_CXX_LANGUAGE_STANDARD = "gnu++14";
				CLANG_CXX_LIBRARY = "libc++";
				CLANG_ENABLE_MODULES = YES;
				CLANG_ENABLE_OBJC_ARC = YES;
				CLANG_ENABLE_OBJC_WEAK = YES;
				CLANG_WARN_BLOCK_CAPTURE_AUTORELEASING = YES;
				CLANG_WARN_BOOL_CONVERSION = YES;
				CLANG_WARN_COMMA = YES;
				CLANG_WARN_CONSTANT_CONVERSION = YES;
				CLANG_WARN_DEPRECATED_OBJC_IMPLEMENTATIONS = YES;
				CLANG_WARN_DIRECT_OBJC_ISA_USAGE = YES_ERROR;
				CLANG_WARN_DOCUMENTATION_COMMENTS = YES;
				CLANG_WARN_EMPTY_BODY = YES;
				CLANG_WARN_ENUM_CONVERSION = YES;
				CLANG_WARN_INFINITE_RECURSION = YES;
				CLANG_WARN_INT_CONVERSION = YES;
				CLANG_WARN_NON_LITERAL_NULL_CONVERSION = YES;
				CLANG_WARN_OBJC_IMPLICIT_RETAIN_SELF = YES;
				CLANG_WARN_OBJC_LITERAL_CONVERSION = YES;
				CLANG_WARN_OBJC_ROOT_CLASS = YES_ERROR;
				CLANG_WARN_RANGE_LOOP_ANALYSIS = YES;
				CLANG_WARN_STRICT_PROTOTYPES = YES;
				CLANG_WARN_SUSPICIOUS_MOVE = YES;
				CLANG_WARN_UNGUARDED_AVAILABILITY = YES_AGGRESSIVE;
				CLANG_WARN_UNREACHABLE_CODE = YES;
				CLANG_WARN__DUPLICATE_METHOD_MATCH = YES;
				CODE_SIGN_IDENTITY = "iPhone Developer";
				COPY_PHASE_STRIP = NO;
				DEBUG_INFORMATION_FORMAT = dwarf;
				ENABLE_STRICT_OBJC_MSGSEND = YES;
				ENABLE_TESTABILITY = YES;
				GCC_C_LANGUAGE_STANDARD = gnu11;
				GCC_DYNAMIC_NO_PIC = NO;
				GCC_NO_COMMON_BLOCKS = YES;
				GCC_OPTIMIZATION_LEVEL = 0;
				GCC_PREPROCESSOR_DEFINITIONS = (
					"DEBUG=1",
					"$(inherited)",
				);
				GCC_WARN_64_TO_32_BIT_CONVERSION = YES;
				GCC_WARN_ABOUT_RETURN_TYPE = YES_ERROR;
				GCC_WARN_UNDECLARED_SELECTOR = YES;
				GCC_WARN_UNINITIALIZED_AUTOS = YES_AGGRESSIVE;
				GCC_WARN_UNUSED_FUNCTION = YES;
				GCC_WARN_UNUSED_VARIABLE = YES;
				IPHONEOS_DEPLOYMENT_TARGET = 11.4;
				MTL_ENABLE_DEBUG_INFO = YES;
				ONLY_ACTIVE_ARCH = YES;
				SDKROOT = iphoneos;
				SWIFT_ACTIVE_COMPILATION_CONDITIONS = DEBUG;
				SWIFT_OPTIMIZATION_LEVEL = "-Onone";
			};
			name = Debug;
		};
		BF28D970210CC1FB00F15F62 /* Release */ = {
			isa = XCBuildConfiguration;
			buildSettings = {
				ALWAYS_SEARCH_USER_PATHS = NO;
				CLANG_ANALYZER_NONNULL = YES;
				CLANG_ANALYZER_NUMBER_OBJECT_CONVERSION = YES_AGGRESSIVE;
				CLANG_CXX_LANGUAGE_STANDARD = "gnu++14";
				CLANG_CXX_LIBRARY = "libc++";
				CLANG_ENABLE_MODULES = YES;
				CLANG_ENABLE_OBJC_ARC = YES;
				CLANG_ENABLE_OBJC_WEAK = YES;
				CLANG_WARN_BLOCK_CAPTURE_AUTORELEASING = YES;
				CLANG_WARN_BOOL_CONVERSION = YES;
				CLANG_WARN_COMMA = YES;
				CLANG_WARN_CONSTANT_CONVERSION = YES;
				CLANG_WARN_DEPRECATED_OBJC_IMPLEMENTATIONS = YES;
				CLANG_WARN_DIRECT_OBJC_ISA_USAGE = YES_ERROR;
				CLANG_WARN_DOCUMENTATION_COMMENTS = YES;
				CLANG_WARN_EMPTY_BODY = YES;
				CLANG_WARN_ENUM_CONVERSION = YES;
				CLANG_WARN_INFINITE_RECURSION = YES;
				CLANG_WARN_INT_CONVERSION = YES;
				CLANG_WARN_NON_LITERAL_NULL_CONVERSION = YES;
				CLANG_WARN_OBJC_IMPLICIT_RETAIN_SELF = YES;
				CLANG_WARN_OBJC_LITERAL_CONVERSION = YES;
				CLANG_WARN_OBJC_ROOT_CLASS = YES_ERROR;
				CLANG_WARN_RANGE_LOOP_ANALYSIS = YES;
				CLANG_WARN_STRICT_PROTOTYPES = YES;
				CLANG_WARN_SUSPICIOUS_MOVE = YES;
				CLANG_WARN_UNGUARDED_AVAILABILITY = YES_AGGRESSIVE;
				CLANG_WARN_UNREACHABLE_CODE = YES;
				CLANG_WARN__DUPLICATE_METHOD_MATCH = YES;
				CODE_SIGN_IDENTITY = "iPhone Developer";
				COPY_PHASE_STRIP = NO;
				DEBUG_INFORMATION_FORMAT = "dwarf-with-dsym";
				ENABLE_NS_ASSERTIONS = NO;
				ENABLE_STRICT_OBJC_MSGSEND = YES;
				GCC_C_LANGUAGE_STANDARD = gnu11;
				GCC_NO_COMMON_BLOCKS = YES;
				GCC_WARN_64_TO_32_BIT_CONVERSION = YES;
				GCC_WARN_ABOUT_RETURN_TYPE = YES_ERROR;
				GCC_WARN_UNDECLARED_SELECTOR = YES;
				GCC_WARN_UNINITIALIZED_AUTOS = YES_AGGRESSIVE;
				GCC_WARN_UNUSED_FUNCTION = YES;
				GCC_WARN_UNUSED_VARIABLE = YES;
				IPHONEOS_DEPLOYMENT_TARGET = 11.4;
				MTL_ENABLE_DEBUG_INFO = NO;
				SDKROOT = iphoneos;
				SWIFT_COMPILATION_MODE = wholemodule;
				SWIFT_OPTIMIZATION_LEVEL = "-O";
				VALIDATE_PRODUCT = YES;
			};
			name = Release;
		};
		BF28D972210CC1FB00F15F62 /* Debug */ = {
			isa = XCBuildConfiguration;
			baseConfigurationReference = 8EA87628B5C7C67815CC1AAA /* Pods-NewsML.debug.xcconfig */;
			buildSettings = {
				ASSETCATALOG_COMPILER_APPICON_NAME = AppIcon;
				CODE_SIGN_STYLE = Automatic;
				DEVELOPMENT_TEAM = F766M867PQ;
				INFOPLIST_FILE = NewsML/Info.plist;
				LD_RUNPATH_SEARCH_PATHS = (
					"$(inherited)",
					"@executable_path/Frameworks",
				);
				PRODUCT_BUNDLE_IDENTIFIER = com.rosslubinski.NewsML;
				PRODUCT_NAME = "$(TARGET_NAME)";
				SWIFT_VERSION = 4.0;
				TARGETED_DEVICE_FAMILY = "1,2";
			};
			name = Debug;
		};
		BF28D973210CC1FB00F15F62 /* Release */ = {
			isa = XCBuildConfiguration;
			baseConfigurationReference = 96760180C60F0EEDA572C2A1 /* Pods-NewsML.release.xcconfig */;
			buildSettings = {
				ASSETCATALOG_COMPILER_APPICON_NAME = AppIcon;
				CODE_SIGN_STYLE = Automatic;
				DEVELOPMENT_TEAM = F766M867PQ;
				INFOPLIST_FILE = NewsML/Info.plist;
				LD_RUNPATH_SEARCH_PATHS = (
					"$(inherited)",
					"@executable_path/Frameworks",
				);
				PRODUCT_BUNDLE_IDENTIFIER = com.rosslubinski.NewsML;
				PRODUCT_NAME = "$(TARGET_NAME)";
				SWIFT_VERSION = 4.0;
				TARGETED_DEVICE_FAMILY = "1,2";
			};
			name = Release;
		};
/* End XCBuildConfiguration section */

/* Begin XCConfigurationList section */
		BF28D95A210CC1FA00F15F62 /* Build configuration list for PBXProject "NewsML" */ = {
			isa = XCConfigurationList;
			buildConfigurations = (
				BF28D96F210CC1FB00F15F62 /* Debug */,
				BF28D970210CC1FB00F15F62 /* Release */,
			);
			defaultConfigurationIsVisible = 0;
			defaultConfigurationName = Release;
		};
		BF28D971210CC1FB00F15F62 /* Build configuration list for PBXNativeTarget "NewsML" */ = {
			isa = XCConfigurationList;
			buildConfigurations = (
				BF28D972210CC1FB00F15F62 /* Debug */,
				BF28D973210CC1FB00F15F62 /* Release */,
			);
			defaultConfigurationIsVisible = 0;
			defaultConfigurationName = Release;
		};
/* End XCConfigurationList section */
	};
	rootObject = BF28D957210CC1FA00F15F62 /* Project object */;
}
